// !$*UTF8*$!
{
	archiveVersion = 1;
	classes = {
	};
	objectVersion = 50;
	objects = {

/* Begin PBXBuildFile section */
		BF0BA6C122C8C4E400AA3CA3 /* TVShowEndPoint.swift in Sources */ = {isa = PBXBuildFile; fileRef = BF0BA6C022C8C4E400AA3CA3 /* TVShowEndPoint.swift */; };
		BF0BA6C622C8C7EB00AA3CA3 /* TVShowRepository.swift in Sources */ = {isa = PBXBuildFile; fileRef = BF0BA6C522C8C7EB00AA3CA3 /* TVShowRepository.swift */; };
		BF0BA6C922C8CB6B00AA3CA3 /* TVShowDataManager.swift in Sources */ = {isa = PBXBuildFile; fileRef = BF0BA6C822C8CB6B00AA3CA3 /* TVShowDataManager.swift */; };
		BF0BA6CE22C8CBE700AA3CA3 /* TVShow.swift in Sources */ = {isa = PBXBuildFile; fileRef = BF0BA6CD22C8CBE700AA3CA3 /* TVShow.swift */; };
		BF0BA6D022C8CDBD00AA3CA3 /* TVShowContainer.swift in Sources */ = {isa = PBXBuildFile; fileRef = BF0BA6CF22C8CDBD00AA3CA3 /* TVShowContainer.swift */; };
		BF0BA6D322C8D61400AA3CA3 /* TVShowListingCoordinator.swift in Sources */ = {isa = PBXBuildFile; fileRef = BF0BA6D222C8D61400AA3CA3 /* TVShowListingCoordinator.swift */; };
		BF0BA6D622C8DEBA00AA3CA3 /* RootController.swift in Sources */ = {isa = PBXBuildFile; fileRef = BF0BA6D522C8DEBA00AA3CA3 /* RootController.swift */; };
		BF0BA6D822C8DFC200AA3CA3 /* TVShowViewModel.swift in Sources */ = {isa = PBXBuildFile; fileRef = BF0BA6D722C8DFC200AA3CA3 /* TVShowViewModel.swift */; };
		BF0BA6DB22C8E06000AA3CA3 /* TVShowInteractor.swift in Sources */ = {isa = PBXBuildFile; fileRef = BF0BA6DA22C8E06000AA3CA3 /* TVShowInteractor.swift */; };
		BF5EC3D722C527940068A24C /* AppDelegate.swift in Sources */ = {isa = PBXBuildFile; fileRef = BF5EC3D622C527940068A24C /* AppDelegate.swift */; };
		BF5EC3D922C527940068A24C /* TVShowListingView.swift in Sources */ = {isa = PBXBuildFile; fileRef = BF5EC3D822C527940068A24C /* TVShowListingView.swift */; };
		BF5EC3DC22C527940068A24C /* Main.storyboard in Resources */ = {isa = PBXBuildFile; fileRef = BF5EC3DA22C527940068A24C /* Main.storyboard */; };
		BF5EC3DE22C527940068A24C /* Assets.xcassets in Resources */ = {isa = PBXBuildFile; fileRef = BF5EC3DD22C527940068A24C /* Assets.xcassets */; };
		BF5EC3E122C527940068A24C /* LaunchScreen.storyboard in Resources */ = {isa = PBXBuildFile; fileRef = BF5EC3DF22C527940068A24C /* LaunchScreen.storyboard */; };
		BF68B48B22CC03AB0094FEDF /* Core.framework in Frameworks */ = {isa = PBXBuildFile; fileRef = BF68B48A22CC039C0094FEDF /* Core.framework */; };
		BF68B48C22CC03AB0094FEDF /* Core.framework in Embed Frameworks */ = {isa = PBXBuildFile; fileRef = BF68B48A22CC039C0094FEDF /* Core.framework */; settings = {ATTRIBUTES = (CodeSignOnCopy, RemoveHeadersOnCopy, ); }; };
		BF68B48D22CC03AB0094FEDF /* Networking.framework in Frameworks */ = {isa = PBXBuildFile; fileRef = BF68B48922CC039C0094FEDF /* Networking.framework */; };
		BF68B48E22CC03AB0094FEDF /* Networking.framework in Embed Frameworks */ = {isa = PBXBuildFile; fileRef = BF68B48922CC039C0094FEDF /* Networking.framework */; settings = {ATTRIBUTES = (CodeSignOnCopy, RemoveHeadersOnCopy, ); }; };
		BFF3459122C91F8500D7470C /* TVShowListingView+TVShowInteractor.swift in Sources */ = {isa = PBXBuildFile; fileRef = BFF3459022C91F8500D7470C /* TVShowListingView+TVShowInteractor.swift */; };
		BFF3459422C91FC000D7470C /* TVShowListView+UITableViewDelegate.swift in Sources */ = {isa = PBXBuildFile; fileRef = BFF3459322C91FC000D7470C /* TVShowListView+UITableViewDelegate.swift */; };
		BFF3459622C91FEB00D7470C /* TVShowListingView+UITableViewDataSource.swift in Sources */ = {isa = PBXBuildFile; fileRef = BFF3459522C91FEB00D7470C /* TVShowListingView+UITableViewDataSource.swift */; };
		BFF3459922C92E8700D7470C /* MovieListingCell.swift in Sources */ = {isa = PBXBuildFile; fileRef = BFF3459722C92E8700D7470C /* MovieListingCell.swift */; };
		BFF3459A22C92E8700D7470C /* MovieListingCell.xib in Resources */ = {isa = PBXBuildFile; fileRef = BFF3459822C92E8700D7470C /* MovieListingCell.xib */; };
		BFF3459C22C9302900D7470C /* TVShowCellViewModel.swift in Sources */ = {isa = PBXBuildFile; fileRef = BFF3459B22C9302900D7470C /* TVShowCellViewModel.swift */; };
/* End PBXBuildFile section */

/* Begin PBXContainerItemProxy section */
		BF5EC3E822C527940068A24C /* PBXContainerItemProxy */ = {
			isa = PBXContainerItemProxy;
			containerPortal = BF5EC3CB22C527940068A24C /* Project object */;
			proxyType = 1;
			remoteGlobalIDString = BF5EC3D222C527940068A24C;
			remoteInfo = "MVVM-C-App-Core-Networking";
		};
		BF5EC3F322C527940068A24C /* PBXContainerItemProxy */ = {
			isa = PBXContainerItemProxy;
			containerPortal = BF5EC3CB22C527940068A24C /* Project object */;
			proxyType = 1;
			remoteGlobalIDString = BF5EC3D222C527940068A24C;
			remoteInfo = "MVVM-C-App-Core-Networking";
		};
/* End PBXContainerItemProxy section */

/* Begin PBXCopyFilesBuildPhase section */
		BF17C62722C8FFF80064402F /* Embed Frameworks */ = {
			isa = PBXCopyFilesBuildPhase;
			buildActionMask = 2147483647;
			dstPath = "";
			dstSubfolderSpec = 10;
			files = (
				BF68B48E22CC03AB0094FEDF /* Networking.framework in Embed Frameworks */,
				BF68B48C22CC03AB0094FEDF /* Core.framework in Embed Frameworks */,
			);
			name = "Embed Frameworks";
			runOnlyForDeploymentPostprocessing = 0;
		};
/* End PBXCopyFilesBuildPhase section */

/* Begin PBXFileReference section */
		BF0BA6C022C8C4E400AA3CA3 /* TVShowEndPoint.swift */ = {isa = PBXFileReference; lastKnownFileType = sourcecode.swift; path = TVShowEndPoint.swift; sourceTree = "<group>"; };
		BF0BA6C522C8C7EB00AA3CA3 /* TVShowRepository.swift */ = {isa = PBXFileReference; lastKnownFileType = sourcecode.swift; path = TVShowRepository.swift; sourceTree = "<group>"; };
		BF0BA6C822C8CB6B00AA3CA3 /* TVShowDataManager.swift */ = {isa = PBXFileReference; lastKnownFileType = sourcecode.swift; path = TVShowDataManager.swift; sourceTree = "<group>"; };
		BF0BA6CD22C8CBE700AA3CA3 /* TVShow.swift */ = {isa = PBXFileReference; lastKnownFileType = sourcecode.swift; path = TVShow.swift; sourceTree = "<group>"; };
		BF0BA6CF22C8CDBD00AA3CA3 /* TVShowContainer.swift */ = {isa = PBXFileReference; lastKnownFileType = sourcecode.swift; path = TVShowContainer.swift; sourceTree = "<group>"; };
		BF0BA6D222C8D61400AA3CA3 /* TVShowListingCoordinator.swift */ = {isa = PBXFileReference; lastKnownFileType = sourcecode.swift; path = TVShowListingCoordinator.swift; sourceTree = "<group>"; };
		BF0BA6D522C8DEBA00AA3CA3 /* RootController.swift */ = {isa = PBXFileReference; lastKnownFileType = sourcecode.swift; path = RootController.swift; sourceTree = "<group>"; };
		BF0BA6D722C8DFC200AA3CA3 /* TVShowViewModel.swift */ = {isa = PBXFileReference; lastKnownFileType = sourcecode.swift; path = TVShowViewModel.swift; sourceTree = "<group>"; };
		BF0BA6DA22C8E06000AA3CA3 /* TVShowInteractor.swift */ = {isa = PBXFileReference; lastKnownFileType = sourcecode.swift; path = TVShowInteractor.swift; sourceTree = "<group>"; };
		BF5EC3D322C527940068A24C /* MVVM-C-App-Core-Networking.app */ = {isa = PBXFileReference; explicitFileType = wrapper.application; includeInIndex = 0; path = "MVVM-C-App-Core-Networking.app"; sourceTree = BUILT_PRODUCTS_DIR; };
		BF5EC3D622C527940068A24C /* AppDelegate.swift */ = {isa = PBXFileReference; lastKnownFileType = sourcecode.swift; path = AppDelegate.swift; sourceTree = "<group>"; };
		BF5EC3D822C527940068A24C /* TVShowListingView.swift */ = {isa = PBXFileReference; lastKnownFileType = sourcecode.swift; path = TVShowListingView.swift; sourceTree = "<group>"; };
		BF5EC3DB22C527940068A24C /* Base */ = {isa = PBXFileReference; lastKnownFileType = file.storyboard; name = Base; path = Base.lproj/Main.storyboard; sourceTree = "<group>"; };
		BF5EC3DD22C527940068A24C /* Assets.xcassets */ = {isa = PBXFileReference; lastKnownFileType = folder.assetcatalog; path = Assets.xcassets; sourceTree = "<group>"; };
		BF5EC3E022C527940068A24C /* Base */ = {isa = PBXFileReference; lastKnownFileType = file.storyboard; name = Base; path = Base.lproj/LaunchScreen.storyboard; sourceTree = "<group>"; };
		BF5EC3E222C527940068A24C /* Info.plist */ = {isa = PBXFileReference; lastKnownFileType = text.plist.xml; path = Info.plist; sourceTree = "<group>"; };
		BF5EC3E722C527940068A24C /* MVVM-C-App-Core-NetworkingTests.xctest */ = {isa = PBXFileReference; explicitFileType = wrapper.cfbundle; includeInIndex = 0; path = "MVVM-C-App-Core-NetworkingTests.xctest"; sourceTree = BUILT_PRODUCTS_DIR; };
		BF5EC3F222C527940068A24C /* MVVM-C-App-Core-NetworkingUITests.xctest */ = {isa = PBXFileReference; explicitFileType = wrapper.cfbundle; includeInIndex = 0; path = "MVVM-C-App-Core-NetworkingUITests.xctest"; sourceTree = BUILT_PRODUCTS_DIR; };
		BF68B48922CC039C0094FEDF /* Networking.framework */ = {isa = PBXFileReference; lastKnownFileType = wrapper.framework; name = Networking.framework; path = "../../../../Library/Developer/Xcode/DerivedData/MVVM-C-App-Core-Networking-aljluqpdedeoxheszwvgxvovktvc/Build/Products/Debug-iphoneos/Networking.framework"; sourceTree = "<group>"; };
		BF68B48A22CC039C0094FEDF /* Core.framework */ = {isa = PBXFileReference; lastKnownFileType = wrapper.framework; name = Core.framework; path = "../../../../Library/Developer/Xcode/DerivedData/MVVM-C-App-Core-Networking-aljluqpdedeoxheszwvgxvovktvc/Build/Products/Debug-iphoneos/Core.framework"; sourceTree = "<group>"; };
		BFF3459022C91F8500D7470C /* TVShowListingView+TVShowInteractor.swift */ = {isa = PBXFileReference; lastKnownFileType = sourcecode.swift; path = "TVShowListingView+TVShowInteractor.swift"; sourceTree = "<group>"; };
		BFF3459322C91FC000D7470C /* TVShowListView+UITableViewDelegate.swift */ = {isa = PBXFileReference; lastKnownFileType = sourcecode.swift; path = "TVShowListView+UITableViewDelegate.swift"; sourceTree = "<group>"; };
		BFF3459522C91FEB00D7470C /* TVShowListingView+UITableViewDataSource.swift */ = {isa = PBXFileReference; lastKnownFileType = sourcecode.swift; path = "TVShowListingView+UITableViewDataSource.swift"; sourceTree = "<group>"; };
		BFF3459722C92E8700D7470C /* MovieListingCell.swift */ = {isa = PBXFileReference; lastKnownFileType = sourcecode.swift; path = MovieListingCell.swift; sourceTree = "<group>"; };
		BFF3459822C92E8700D7470C /* MovieListingCell.xib */ = {isa = PBXFileReference; lastKnownFileType = file.xib; path = MovieListingCell.xib; sourceTree = "<group>"; };
		BFF3459B22C9302900D7470C /* TVShowCellViewModel.swift */ = {isa = PBXFileReference; lastKnownFileType = sourcecode.swift; path = TVShowCellViewModel.swift; sourceTree = "<group>"; };
/* End PBXFileReference section */

/* Begin PBXFrameworksBuildPhase section */
		BF5EC3D022C527940068A24C /* Frameworks */ = {
			isa = PBXFrameworksBuildPhase;
			buildActionMask = 2147483647;
			files = (
				BF68B48B22CC03AB0094FEDF /* Core.framework in Frameworks */,
				BF68B48D22CC03AB0094FEDF /* Networking.framework in Frameworks */,
			);
			runOnlyForDeploymentPostprocessing = 0;
		};
		BF5EC3E422C527940068A24C /* Frameworks */ = {
			isa = PBXFrameworksBuildPhase;
			buildActionMask = 2147483647;
			files = (
			);
			runOnlyForDeploymentPostprocessing = 0;
		};
		BF5EC3EF22C527940068A24C /* Frameworks */ = {
			isa = PBXFrameworksBuildPhase;
			buildActionMask = 2147483647;
			files = (
			);
			runOnlyForDeploymentPostprocessing = 0;
		};
/* End PBXFrameworksBuildPhase section */

/* Begin PBXGroup section */
		BF0BA6BF22C8C4D400AA3CA3 /* Networking */ = {
			isa = PBXGroup;
			children = (
				BF0BA6C022C8C4E400AA3CA3 /* TVShowEndPoint.swift */,
			);
			path = Networking;
			sourceTree = "<group>";
		};
		BF0BA6C422C8C7DC00AA3CA3 /* Repository */ = {
			isa = PBXGroup;
			children = (
				BF0BA6C522C8C7EB00AA3CA3 /* TVShowRepository.swift */,
			);
			path = Repository;
			sourceTree = "<group>";
		};
		BF0BA6C722C8CB4F00AA3CA3 /* Data */ = {
			isa = PBXGroup;
			children = (
				BF0BA6C822C8CB6B00AA3CA3 /* TVShowDataManager.swift */,
			);
			path = Data;
			sourceTree = "<group>";
		};
		BF0BA6CA22C8CBCA00AA3CA3 /* Model */ = {
			isa = PBXGroup;
			children = (
				BF0BA6CD22C8CBE700AA3CA3 /* TVShow.swift */,
				BF0BA6CF22C8CDBD00AA3CA3 /* TVShowContainer.swift */,
			);
			path = Model;
			sourceTree = "<group>";
		};
		BF0BA6CB22C8CBD000AA3CA3 /* View */ = {
			isa = PBXGroup;
			children = (
				BF5EC3D822C527940068A24C /* TVShowListingView.swift */,
				BFF3459722C92E8700D7470C /* MovieListingCell.swift */,
				BFF3459822C92E8700D7470C /* MovieListingCell.xib */,
			);
			path = View;
			sourceTree = "<group>";
		};
		BF0BA6CC22C8CBD400AA3CA3 /* ViewModel */ = {
			isa = PBXGroup;
			children = (
				BF0BA6D722C8DFC200AA3CA3 /* TVShowViewModel.swift */,
				BFF3459B22C9302900D7470C /* TVShowCellViewModel.swift */,
			);
			path = ViewModel;
			sourceTree = "<group>";
		};
		BF0BA6D122C8D5F100AA3CA3 /* Coordinator */ = {
			isa = PBXGroup;
			children = (
				BF0BA6D222C8D61400AA3CA3 /* TVShowListingCoordinator.swift */,
			);
			path = Coordinator;
			sourceTree = "<group>";
		};
		BF0BA6D422C8DEA600AA3CA3 /* Root */ = {
			isa = PBXGroup;
			children = (
				BF0BA6D522C8DEBA00AA3CA3 /* RootController.swift */,
			);
			path = Root;
			sourceTree = "<group>";
		};
		BF0BA6D922C8E04300AA3CA3 /* Interactor */ = {
			isa = PBXGroup;
			children = (
				BF0BA6DA22C8E06000AA3CA3 /* TVShowInteractor.swift */,
			);
			path = Interactor;
			sourceTree = "<group>";
		};
		BF5EC3CA22C527940068A24C = {
			isa = PBXGroup;
			children = (
				BF5EC3D622C527940068A24C /* AppDelegate.swift */,
				BF0BA6D422C8DEA600AA3CA3 /* Root */,
				BF5EC48522C52A690068A24C /* Frameworks */,
				BF5EC3D522C527940068A24C /* MVVM-C-App-Core-Networking */,
				BF5EC3D422C527940068A24C /* Products */,
			);
			sourceTree = "<group>";
		};
		BF5EC3D422C527940068A24C /* Products */ = {
			isa = PBXGroup;
			children = (
				BF5EC3D322C527940068A24C /* MVVM-C-App-Core-Networking.app */,
				BF5EC3E722C527940068A24C /* MVVM-C-App-Core-NetworkingTests.xctest */,
				BF5EC3F222C527940068A24C /* MVVM-C-App-Core-NetworkingUITests.xctest */,
			);
			name = Products;
			sourceTree = "<group>";
		};
		BF5EC3D522C527940068A24C /* MVVM-C-App-Core-Networking */ = {
			isa = PBXGroup;
			children = (
				BFF3458F22C91F7000D7470C /* Extension */,
				BF0BA6D922C8E04300AA3CA3 /* Interactor */,
				BF0BA6D122C8D5F100AA3CA3 /* Coordinator */,
				BF0BA6CA22C8CBCA00AA3CA3 /* Model */,
				BF0BA6CB22C8CBD000AA3CA3 /* View */,
				BF0BA6CC22C8CBD400AA3CA3 /* ViewModel */,
				BF0BA6C722C8CB4F00AA3CA3 /* Data */,
				BF0BA6C422C8C7DC00AA3CA3 /* Repository */,
				BF0BA6BF22C8C4D400AA3CA3 /* Networking */,
				BF5EC3DA22C527940068A24C /* Main.storyboard */,
				BF5EC3DD22C527940068A24C /* Assets.xcassets */,
				BF5EC3DF22C527940068A24C /* LaunchScreen.storyboard */,
				BF5EC3E222C527940068A24C /* Info.plist */,
			);
			path = "MVVM-C-App-Core-Networking";
			sourceTree = "<group>";
		};
		BF5EC48522C52A690068A24C /* Frameworks */ = {
			isa = PBXGroup;
			children = (
				BF68B48922CC039C0094FEDF /* Networking.framework */,
				BF68B48A22CC039C0094FEDF /* Core.framework */,
			);
			path = Frameworks;
			sourceTree = "<group>";
		};
		BFF3458F22C91F7000D7470C /* Extension */ = {
			isa = PBXGroup;
			children = (
				BFF3459022C91F8500D7470C /* TVShowListingView+TVShowInteractor.swift */,
				BFF3459322C91FC000D7470C /* TVShowListView+UITableViewDelegate.swift */,
				BFF3459522C91FEB00D7470C /* TVShowListingView+UITableViewDataSource.swift */,
			);
			path = Extension;
			sourceTree = "<group>";
		};
/* End PBXGroup section */

/* Begin PBXNativeTarget section */
		BF5EC3D222C527940068A24C /* MVVM-C-App-Core-Networking */ = {
			isa = PBXNativeTarget;
			buildConfigurationList = BF5EC3FB22C527940068A24C /* Build configuration list for PBXNativeTarget "MVVM-C-App-Core-Networking" */;
			buildPhases = (
				BF5EC3CF22C527940068A24C /* Sources */,
				BF5EC3D022C527940068A24C /* Frameworks */,
				BF5EC3D122C527940068A24C /* Resources */,
				BF17C62722C8FFF80064402F /* Embed Frameworks */,
			);
			buildRules = (
			);
			dependencies = (
			);
			name = "MVVM-C-App-Core-Networking";
			productName = "MVVM-C-App-Core-Networking";
			productReference = BF5EC3D322C527940068A24C /* MVVM-C-App-Core-Networking.app */;
			productType = "com.apple.product-type.application";
		};
		BF5EC3E622C527940068A24C /* MVVM-C-App-Core-NetworkingTests */ = {
			isa = PBXNativeTarget;
			buildConfigurationList = BF5EC3FE22C527940068A24C /* Build configuration list for PBXNativeTarget "MVVM-C-App-Core-NetworkingTests" */;
			buildPhases = (
				BF5EC3E322C527940068A24C /* Sources */,
				BF5EC3E422C527940068A24C /* Frameworks */,
				BF5EC3E522C527940068A24C /* Resources */,
			);
			buildRules = (
			);
			dependencies = (
				BF5EC3E922C527940068A24C /* PBXTargetDependency */,
			);
			name = "MVVM-C-App-Core-NetworkingTests";
			productName = "MVVM-C-App-Core-NetworkingTests";
			productReference = BF5EC3E722C527940068A24C /* MVVM-C-App-Core-NetworkingTests.xctest */;
			productType = "com.apple.product-type.bundle.unit-test";
		};
		BF5EC3F122C527940068A24C /* MVVM-C-App-Core-NetworkingUITests */ = {
			isa = PBXNativeTarget;
			buildConfigurationList = BF5EC40122C527940068A24C /* Build configuration list for PBXNativeTarget "MVVM-C-App-Core-NetworkingUITests" */;
			buildPhases = (
				BF5EC3EE22C527940068A24C /* Sources */,
				BF5EC3EF22C527940068A24C /* Frameworks */,
				BF5EC3F022C527940068A24C /* Resources */,
			);
			buildRules = (
			);
			dependencies = (
				BF5EC3F422C527940068A24C /* PBXTargetDependency */,
			);
			name = "MVVM-C-App-Core-NetworkingUITests";
			productName = "MVVM-C-App-Core-NetworkingUITests";
			productReference = BF5EC3F222C527940068A24C /* MVVM-C-App-Core-NetworkingUITests.xctest */;
			productType = "com.apple.product-type.bundle.ui-testing";
		};
/* End PBXNativeTarget section */

/* Begin PBXProject section */
		BF5EC3CB22C527940068A24C /* Project object */ = {
			isa = PBXProject;
			attributes = {
				LastSwiftUpdateCheck = 1020;
				LastUpgradeCheck = 1020;
				ORGANIZATIONNAME = "Oguz Parlak";
				TargetAttributes = {
					BF5EC3D222C527940068A24C = {
						CreatedOnToolsVersion = 10.2.1;
					};
					BF5EC3E622C527940068A24C = {
						CreatedOnToolsVersion = 10.2.1;
						TestTargetID = BF5EC3D222C527940068A24C;
					};
					BF5EC3F122C527940068A24C = {
						CreatedOnToolsVersion = 10.2.1;
						TestTargetID = BF5EC3D222C527940068A24C;
					};
				};
			};
			buildConfigurationList = BF5EC3CE22C527940068A24C /* Build configuration list for PBXProject "MVVM-C-App-Core-Networking" */;
			compatibilityVersion = "Xcode 9.3";
			developmentRegion = en;
			hasScannedForEncodings = 0;
			knownRegions = (
				en,
				Base,
			);
			mainGroup = BF5EC3CA22C527940068A24C;
			productRefGroup = BF5EC3D422C527940068A24C /* Products */;
			projectDirPath = "";
			projectRoot = "";
			targets = (
				BF5EC3D222C527940068A24C /* MVVM-C-App-Core-Networking */,
				BF5EC3E622C527940068A24C /* MVVM-C-App-Core-NetworkingTests */,
				BF5EC3F122C527940068A24C /* MVVM-C-App-Core-NetworkingUITests */,
			);
		};
/* End PBXProject section */

/* Begin PBXResourcesBuildPhase section */
		BF5EC3D122C527940068A24C /* Resources */ = {
			isa = PBXResourcesBuildPhase;
			buildActionMask = 2147483647;
			files = (
				BF5EC3E122C527940068A24C /* LaunchScreen.storyboard in Resources */,
				BF5EC3DE22C527940068A24C /* Assets.xcassets in Resources */,
				BF5EC3DC22C527940068A24C /* Main.storyboard in Resources */,
				BFF3459A22C92E8700D7470C /* MovieListingCell.xib in Resources */,
			);
			runOnlyForDeploymentPostprocessing = 0;
		};
		BF5EC3E522C527940068A24C /* Resources */ = {
			isa = PBXResourcesBuildPhase;
			buildActionMask = 2147483647;
			files = (
			);
			runOnlyForDeploymentPostprocessing = 0;
		};
		BF5EC3F022C527940068A24C /* Resources */ = {
			isa = PBXResourcesBuildPhase;
			buildActionMask = 2147483647;
			files = (
			);
			runOnlyForDeploymentPostprocessing = 0;
		};
/* End PBXResourcesBuildPhase section */

/* Begin PBXSourcesBuildPhase section */
		BF5EC3CF22C527940068A24C /* Sources */ = {
			isa = PBXSourcesBuildPhase;
			buildActionMask = 2147483647;
			files = (
				BF0BA6C622C8C7EB00AA3CA3 /* TVShowRepository.swift in Sources */,
				BF0BA6D022C8CDBD00AA3CA3 /* TVShowContainer.swift in Sources */,
				BF0BA6D322C8D61400AA3CA3 /* TVShowListingCoordinator.swift in Sources */,
				BF0BA6C922C8CB6B00AA3CA3 /* TVShowDataManager.swift in Sources */,
				BF0BA6CE22C8CBE700AA3CA3 /* TVShow.swift in Sources */,
				BFF3459622C91FEB00D7470C /* TVShowListingView+UITableViewDataSource.swift in Sources */,
				BFF3459122C91F8500D7470C /* TVShowListingView+TVShowInteractor.swift in Sources */,
				BF0BA6D622C8DEBA00AA3CA3 /* RootController.swift in Sources */,
				BF5EC3D922C527940068A24C /* TVShowListingView.swift in Sources */,
				BF5EC3D722C527940068A24C /* AppDelegate.swift in Sources */,
				BF0BA6C122C8C4E400AA3CA3 /* TVShowEndPoint.swift in Sources */,
				BFF3459C22C9302900D7470C /* TVShowCellViewModel.swift in Sources */,
				BF0BA6D822C8DFC200AA3CA3 /* TVShowViewModel.swift in Sources */,
				BFF3459922C92E8700D7470C /* MovieListingCell.swift in Sources */,
				BFF3459422C91FC000D7470C /* TVShowListView+UITableViewDelegate.swift in Sources */,
				BF0BA6DB22C8E06000AA3CA3 /* TVShowInteractor.swift in Sources */,
			);
			runOnlyForDeploymentPostprocessing = 0;
		};
		BF5EC3E322C527940068A24C /* Sources */ = {
			isa = PBXSourcesBuildPhase;
			buildActionMask = 2147483647;
			files = (
			);
			runOnlyForDeploymentPostprocessing = 0;
		};
		BF5EC3EE22C527940068A24C /* Sources */ = {
			isa = PBXSourcesBuildPhase;
			buildActionMask = 2147483647;
			files = (
			);
			runOnlyForDeploymentPostprocessing = 0;
		};
/* End PBXSourcesBuildPhase section */

/* Begin PBXTargetDependency section */
		BF5EC3E922C527940068A24C /* PBXTargetDependency */ = {
			isa = PBXTargetDependency;
			target = BF5EC3D222C527940068A24C /* MVVM-C-App-Core-Networking */;
			targetProxy = BF5EC3E822C527940068A24C /* PBXContainerItemProxy */;
		};
		BF5EC3F422C527940068A24C /* PBXTargetDependency */ = {
			isa = PBXTargetDependency;
			target = BF5EC3D222C527940068A24C /* MVVM-C-App-Core-Networking */;
			targetProxy = BF5EC3F322C527940068A24C /* PBXContainerItemProxy */;
		};
/* End PBXTargetDependency section */

/* Begin PBXVariantGroup section */
		BF5EC3DA22C527940068A24C /* Main.storyboard */ = {
			isa = PBXVariantGroup;
			children = (
				BF5EC3DB22C527940068A24C /* Base */,
			);
			name = Main.storyboard;
			sourceTree = "<group>";
		};
		BF5EC3DF22C527940068A24C /* LaunchScreen.storyboard */ = {
			isa = PBXVariantGroup;
			children = (
				BF5EC3E022C527940068A24C /* Base */,
			);
			name = LaunchScreen.storyboard;
			sourceTree = "<group>";
		};
/* End PBXVariantGroup section */

/* Begin XCBuildConfiguration section */
		BF5EC3F922C527940068A24C /* Debug */ = {
			isa = XCBuildConfiguration;
			buildSettings = {
				ALWAYS_SEARCH_USER_PATHS = NO;
				CLANG_ANALYZER_NONNULL = YES;
				CLANG_ANALYZER_NUMBER_OBJECT_CONVERSION = YES_AGGRESSIVE;
				CLANG_CXX_LANGUAGE_STANDARD = "gnu++14";
				CLANG_CXX_LIBRARY = "libc++";
				CLANG_ENABLE_MODULES = YES;
				CLANG_ENABLE_OBJC_ARC = YES;
				CLANG_ENABLE_OBJC_WEAK = YES;
				CLANG_WARN_BLOCK_CAPTURE_AUTORELEASING = YES;
				CLANG_WARN_BOOL_CONVERSION = YES;
				CLANG_WARN_COMMA = YES;
				CLANG_WARN_CONSTANT_CONVERSION = YES;
				CLANG_WARN_DEPRECATED_OBJC_IMPLEMENTATIONS = YES;
				CLANG_WARN_DIRECT_OBJC_ISA_USAGE = YES_ERROR;
				CLANG_WARN_DOCUMENTATION_COMMENTS = YES;
				CLANG_WARN_EMPTY_BODY = YES;
				CLANG_WARN_ENUM_CONVERSION = YES;
				CLANG_WARN_INFINITE_RECURSION = YES;
				CLANG_WARN_INT_CONVERSION = YES;
				CLANG_WARN_NON_LITERAL_NULL_CONVERSION = YES;
				CLANG_WARN_OBJC_IMPLICIT_RETAIN_SELF = YES;
				CLANG_WARN_OBJC_LITERAL_CONVERSION = YES;
				CLANG_WARN_OBJC_ROOT_CLASS = YES_ERROR;
				CLANG_WARN_RANGE_LOOP_ANALYSIS = YES;
				CLANG_WARN_STRICT_PROTOTYPES = YES;
				CLANG_WARN_SUSPICIOUS_MOVE = YES;
				CLANG_WARN_UNGUARDED_AVAILABILITY = YES_AGGRESSIVE;
				CLANG_WARN_UNREACHABLE_CODE = YES;
				CLANG_WARN__DUPLICATE_METHOD_MATCH = YES;
				CODE_SIGN_IDENTITY = "iPhone Developer";
				COPY_PHASE_STRIP = NO;
				DEBUG_INFORMATION_FORMAT = dwarf;
				ENABLE_STRICT_OBJC_MSGSEND = YES;
				ENABLE_TESTABILITY = YES;
				GCC_C_LANGUAGE_STANDARD = gnu11;
				GCC_DYNAMIC_NO_PIC = NO;
				GCC_NO_COMMON_BLOCKS = YES;
				GCC_OPTIMIZATION_LEVEL = 0;
				GCC_PREPROCESSOR_DEFINITIONS = (
					"DEBUG=1",
					"$(inherited)",
				);
				GCC_WARN_64_TO_32_BIT_CONVERSION = YES;
				GCC_WARN_ABOUT_RETURN_TYPE = YES_ERROR;
				GCC_WARN_UNDECLARED_SELECTOR = YES;
				GCC_WARN_UNINITIALIZED_AUTOS = YES_AGGRESSIVE;
				GCC_WARN_UNUSED_FUNCTION = YES;
				GCC_WARN_UNUSED_VARIABLE = YES;
				IPHONEOS_DEPLOYMENT_TARGET = 12.2;
				MTL_ENABLE_DEBUG_INFO = INCLUDE_SOURCE;
				MTL_FAST_MATH = YES;
				ONLY_ACTIVE_ARCH = YES;
				SDKROOT = iphoneos;
				SWIFT_ACTIVE_COMPILATION_CONDITIONS = DEBUG;
				SWIFT_OPTIMIZATION_LEVEL = "-Onone";
			};
			name = Debug;
		};
		BF5EC3FA22C527940068A24C /* Release */ = {
			isa = XCBuildConfiguration;
			buildSettings = {
				ALWAYS_SEARCH_USER_PATHS = NO;
				CLANG_ANALYZER_NONNULL = YES;
				CLANG_ANALYZER_NUMBER_OBJECT_CONVERSION = YES_AGGRESSIVE;
				CLANG_CXX_LANGUAGE_STANDARD = "gnu++14";
				CLANG_CXX_LIBRARY = "libc++";
				CLANG_ENABLE_MODULES = YES;
				CLANG_ENABLE_OBJC_ARC = YES;
				CLANG_ENABLE_OBJC_WEAK = YES;
				CLANG_WARN_BLOCK_CAPTURE_AUTORELEASING = YES;
				CLANG_WARN_BOOL_CONVERSION = YES;
				CLANG_WARN_COMMA = YES;
				CLANG_WARN_CONSTANT_CONVERSION = YES;
				CLANG_WARN_DEPRECATED_OBJC_IMPLEMENTATIONS = YES;
				CLANG_WARN_DIRECT_OBJC_ISA_USAGE = YES_ERROR;
				CLANG_WARN_DOCUMENTATION_COMMENTS = YES;
				CLANG_WARN_EMPTY_BODY = YES;
				CLANG_WARN_ENUM_CONVERSION = YES;
				CLANG_WARN_INFINITE_RECURSION = YES;
				CLANG_WARN_INT_CONVERSION = YES;
				CLANG_WARN_NON_LITERAL_NULL_CONVERSION = YES;
				CLANG_WARN_OBJC_IMPLICIT_RETAIN_SELF = YES;
				CLANG_WARN_OBJC_LITERAL_CONVERSION = YES;
				CLANG_WARN_OBJC_ROOT_CLASS = YES_ERROR;
				CLANG_WARN_RANGE_LOOP_ANALYSIS = YES;
				CLANG_WARN_STRICT_PROTOTYPES = YES;
				CLANG_WARN_SUSPICIOUS_MOVE = YES;
				CLANG_WARN_UNGUARDED_AVAILABILITY = YES_AGGRESSIVE;
				CLANG_WARN_UNREACHABLE_CODE = YES;
				CLANG_WARN__DUPLICATE_METHOD_MATCH = YES;
				CODE_SIGN_IDENTITY = "iPhone Developer";
				COPY_PHASE_STRIP = NO;
				DEBUG_INFORMATION_FORMAT = "dwarf-with-dsym";
				ENABLE_NS_ASSERTIONS = NO;
				ENABLE_STRICT_OBJC_MSGSEND = YES;
				GCC_C_LANGUAGE_STANDARD = gnu11;
				GCC_NO_COMMON_BLOCKS = YES;
				GCC_WARN_64_TO_32_BIT_CONVERSION = YES;
				GCC_WARN_ABOUT_RETURN_TYPE = YES_ERROR;
				GCC_WARN_UNDECLARED_SELECTOR = YES;
				GCC_WARN_UNINITIALIZED_AUTOS = YES_AGGRESSIVE;
				GCC_WARN_UNUSED_FUNCTION = YES;
				GCC_WARN_UNUSED_VARIABLE = YES;
				IPHONEOS_DEPLOYMENT_TARGET = 12.2;
				MTL_ENABLE_DEBUG_INFO = NO;
				MTL_FAST_MATH = YES;
				SDKROOT = iphoneos;
				SWIFT_COMPILATION_MODE = wholemodule;
				SWIFT_OPTIMIZATION_LEVEL = "-O";
				VALIDATE_PRODUCT = YES;
			};
			name = Release;
		};
		BF5EC3FC22C527940068A24C /* Debug */ = {
			isa = XCBuildConfiguration;
			buildSettings = {
				ASSETCATALOG_COMPILER_APPICON_NAME = AppIcon;
				CODE_SIGN_STYLE = Automatic;
				DEVELOPMENT_TEAM = HL7GD8S24Y;
				INFOPLIST_FILE = "MVVM-C-App-Core-Networking/Info.plist";
				IPHONEOS_DEPLOYMENT_TARGET = 10.0;
				LD_RUNPATH_SEARCH_PATHS = (
					"$(inherited)",
					"@executable_path/Frameworks",
				);
				PRODUCT_BUNDLE_IDENTIFIER = "com.oguzparlak.MVVM-C-App-Core-Networking";
				PRODUCT_NAME = "$(TARGET_NAME)";
				SWIFT_VERSION = 5.0;
				TARGETED_DEVICE_FAMILY = "1,2";
			};
			name = Debug;
		};
		BF5EC3FD22C527940068A24C /* Release */ = {
			isa = XCBuildConfiguration;
			buildSettings = {
				ASSETCATALOG_COMPILER_APPICON_NAME = AppIcon;
				CODE_SIGN_STYLE = Automatic;
				DEVELOPMENT_TEAM = HL7GD8S24Y;
				INFOPLIST_FILE = "MVVM-C-App-Core-Networking/Info.plist";
				IPHONEOS_DEPLOYMENT_TARGET = 10.0;
				LD_RUNPATH_SEARCH_PATHS = (
					"$(inherited)",
					"@executable_path/Frameworks",
				);
				PRODUCT_BUNDLE_IDENTIFIER = "com.oguzparlak.MVVM-C-App-Core-Networking";
				PRODUCT_NAME = "$(TARGET_NAME)";
				SWIFT_VERSION = 5.0;
				TARGETED_DEVICE_FAMILY = "1,2";
			};
			name = Release;
		};
		BF5EC3FF22C527940068A24C /* Debug */ = {
			isa = XCBuildConfiguration;
			buildSettings = {
				ALWAYS_EMBED_SWIFT_STANDARD_LIBRARIES = YES;
				BUNDLE_LOADER = "$(TEST_HOST)";
				CODE_SIGN_STYLE = Automatic;
				DEVELOPMENT_TEAM = HL7GD8S24Y;
				INFOPLIST_FILE = "MVVM-C-App-Core-NetworkingTests/Info.plist";
				LD_RUNPATH_SEARCH_PATHS = (
					"$(inherited)",
					"@executable_path/Frameworks",
					"@loader_path/Frameworks",
				);
				PRODUCT_BUNDLE_IDENTIFIER = "com.oguzparlak.MVVM-C-App-Core-NetworkingTests";
				PRODUCT_NAME = "$(TARGET_NAME)";
				SWIFT_VERSION = 5.0;
				TARGETED_DEVICE_FAMILY = "1,2";
				TEST_HOST = "$(BUILT_PRODUCTS_DIR)/MVVM-C-App-Core-Networking.app/MVVM-C-App-Core-Networking";
			};
			name = Debug;
		};
		BF5EC40022C527940068A24C /* Release */ = {
			isa = XCBuildConfiguration;
			buildSettings = {
				ALWAYS_EMBED_SWIFT_STANDARD_LIBRARIES = YES;
				BUNDLE_LOADER = "$(TEST_HOST)";
				CODE_SIGN_STYLE = Automatic;
				DEVELOPMENT_TEAM = HL7GD8S24Y;
				INFOPLIST_FILE = "MVVM-C-App-Core-NetworkingTests/Info.plist";
				LD_RUNPATH_SEARCH_PATHS = (
					"$(inherited)",
					"@executable_path/Frameworks",
					"@loader_path/Frameworks",
				);
				PRODUCT_BUNDLE_IDENTIFIER = "com.oguzparlak.MVVM-C-App-Core-NetworkingTests";
				PRODUCT_NAME = "$(TARGET_NAME)";
				SWIFT_VERSION = 5.0;
				TARGETED_DEVICE_FAMILY = "1,2";
				TEST_HOST = "$(BUILT_PRODUCTS_DIR)/MVVM-C-App-Core-Networking.app/MVVM-C-App-Core-Networking";
			};
			name = Release;
		};
		BF5EC40222C527940068A24C /* Debug */ = {
			isa = XCBuildConfiguration;
			buildSettings = {
				ALWAYS_EMBED_SWIFT_STANDARD_LIBRARIES = YES;
				CODE_SIGN_STYLE = Automatic;
				DEVELOPMENT_TEAM = HL7GD8S24Y;
				INFOPLIST_FILE = "MVVM-C-App-Core-NetworkingUITests/Info.plist";
				LD_RUNPATH_SEARCH_PATHS = (
					"$(inherited)",
					"@executable_path/Frameworks",
					"@loader_path/Frameworks",
				);
				PRODUCT_BUNDLE_IDENTIFIER = "com.oguzparlak.MVVM-C-App-Core-NetworkingUITests";
				PRODUCT_NAME = "$(TARGET_NAME)";
				SWIFT_VERSION = 5.0;
				TARGETED_DEVICE_FAMILY = "1,2";
				TEST_TARGET_NAME = "MVVM-C-App-Core-Networking";
			};
			name = Debug;
		};
		BF5EC40322C527940068A24C /* Release */ = {
			isa = XCBuildConfiguration;
			buildSettings = {
				ALWAYS_EMBED_SWIFT_STANDARD_LIBRARIES = YES;
				CODE_SIGN_STYLE = Automatic;
				DEVELOPMENT_TEAM = HL7GD8S24Y;
				INFOPLIST_FILE = "MVVM-C-App-Core-NetworkingUITests/Info.plist";
				LD_RUNPATH_SEARCH_PATHS = (
					"$(inherited)",
					"@executable_path/Frameworks",
					"@loader_path/Frameworks",
				);
				PRODUCT_BUNDLE_IDENTIFIER = "com.oguzparlak.MVVM-C-App-Core-NetworkingUITests";
				PRODUCT_NAME = "$(TARGET_NAME)";
				SWIFT_VERSION = 5.0;
				TARGETED_DEVICE_FAMILY = "1,2";
				TEST_TARGET_NAME = "MVVM-C-App-Core-Networking";
			};
			name = Release;
		};
/* End XCBuildConfiguration section */

/* Begin XCConfigurationList section */
		BF5EC3CE22C527940068A24C /* Build configuration list for PBXProject "MVVM-C-App-Core-Networking" */ = {
			isa = XCConfigurationList;
			buildConfigurations = (
				BF5EC3F922C527940068A24C /* Debug */,
				BF5EC3FA22C527940068A24C /* Release */,
			);
			defaultConfigurationIsVisible = 0;
			defaultConfigurationName = Release;
		};
		BF5EC3FB22C527940068A24C /* Build configuration list for PBXNativeTarget "MVVM-C-App-Core-Networking" */ = {
			isa = XCConfigurationList;
			buildConfigurations = (
				BF5EC3FC22C527940068A24C /* Debug */,
				BF5EC3FD22C527940068A24C /* Release */,
			);
			defaultConfigurationIsVisible = 0;
			defaultConfigurationName = Release;
		};
		BF5EC3FE22C527940068A24C /* Build configuration list for PBXNativeTarget "MVVM-C-App-Core-NetworkingTests" */ = {
			isa = XCConfigurationList;
			buildConfigurations = (
				BF5EC3FF22C527940068A24C /* Debug */,
				BF5EC40022C527940068A24C /* Release */,
			);
			defaultConfigurationIsVisible = 0;
			defaultConfigurationName = Release;
		};
		BF5EC40122C527940068A24C /* Build configuration list for PBXNativeTarget "MVVM-C-App-Core-NetworkingUITests" */ = {
			isa = XCConfigurationList;
			buildConfigurations = (
				BF5EC40222C527940068A24C /* Debug */,
				BF5EC40322C527940068A24C /* Release */,
			);
			defaultConfigurationIsVisible = 0;
			defaultConfigurationName = Release;
		};
/* End XCConfigurationList section */
	};
	rootObject = BF5EC3CB22C527940068A24C /* Project object */;
}
